
Microsoft Visual Studio Solution File, Format Version 12.00
# Visual Studio 14
VisualStudioVersion = 14.0.23107.0
MinimumVisualStudioVersion = 10.0.40219.1
Project("{FAE04EC0-301F-11D3-BF4B-00C04F79EFBC}") = "ITowerViewerExample", "ITowerViewerExample\ITowerViewerExample.csproj", "{4DB5365B-1A32-4984-AB1B-B75502370135}"
EndProject
Project("{FAE04EC0-301F-11D3-BF4B-00C04F79EFBC}") = "ITowerViewer", "..\..\source\Spinpreach.ITowerViewer\ITowerViewer.csproj", "{7DD513FE-BB3C-4210-9099-CB8FD999A3A7}"
EndProject
Global
	GlobalSection(SolutionConfigurationPlatforms) = preSolution
		Debug|Any CPU = Debug|Any CPU
		Release|Any CPU = Release|Any CPU
	EndGlobalSection
	GlobalSection(ProjectConfigurationPlatforms) = postSolution
		{4DB5365B-1A32-4984-AB1B-B75502370135}.Debug|Any CPU.ActiveCfg = Debug|Any CPU
		{4DB5365B-1A32-4984-AB1B-B75502370135}.Debug|Any CPU.Build.0 = Debug|Any CPU
		{4DB5365B-1A32-4984-AB1B-B75502370135}.Release|Any CPU.ActiveCfg = Release|Any CPU
		{4DB5365B-1A32-4984-AB1B-B75502370135}.Release|Any CPU.Build.0 = Release|Any CPU
		{7DD513FE-BB3C-4210-9099-CB8FD999A3A7}.Debug|Any CPU.ActiveCfg = Debug|Any CPU
		{7DD513FE-BB3C-4210-9099-CB8FD999A3A7}.Debug|Any CPU.Build.0 = Debug|Any CPU
		{7DD513FE-BB3C-4210-9099-CB8FD999A3A7}.Release|Any CPU.ActiveCfg = Release|Any CPU
		{7DD513FE-BB3C-4210-9099-CB8FD999A3A7}.Release|Any CPU.Build.0 = Release|Any CPU
	EndGlobalSection
	GlobalSection(SolutionProperties) = preSolution
		HideSolutionNode = FALSE
	EndGlobalSection
EndGlobal
