
Microsoft Visual Studio Solution File, Format Version 12.00
# Visual Studio 14
VisualStudioVersion = 14.0.23107.0
MinimumVisualStudioVersion = 10.0.40219.1
Project("{FAE04EC0-301F-11D3-BF4B-00C04F79EFBC}") = "SpinTowerBrowser", "Spinpreach.SpinTowerBrowser\SpinTowerBrowser.csproj", "{822A47F2-E1BF-4D5A-97A8-44B8D4BFF5EA}"
EndProject
Project("{FAE04EC0-301F-11D3-BF4B-00C04F79EFBC}") = "ITowerBase", "Spinpreach.ITowerBase\ITowerBase.csproj", "{9A734B76-4503-44F2-9549-003D931B0C12}"
EndProject
Project("{FAE04EC0-301F-11D3-BF4B-00C04F79EFBC}") = "ITowerViewer", "Spinpreach.ITowerViewer\ITowerViewer.csproj", "{7DD513FE-BB3C-4210-9099-CB8FD999A3A7}"
EndProject
Global
	GlobalSection(SolutionConfigurationPlatforms) = preSolution
		Debug|Any CPU = Debug|Any CPU
		Release|Any CPU = Release|Any CPU
	EndGlobalSection
	GlobalSection(ProjectConfigurationPlatforms) = postSolution
		{822A47F2-E1BF-4D5A-97A8-44B8D4BFF5EA}.Debug|Any CPU.ActiveCfg = Debug|Any CPU
		{822A47F2-E1BF-4D5A-97A8-44B8D4BFF5EA}.Debug|Any CPU.Build.0 = Debug|Any CPU
		{822A47F2-E1BF-4D5A-97A8-44B8D4BFF5EA}.Release|Any CPU.ActiveCfg = Release|Any CPU
		{822A47F2-E1BF-4D5A-97A8-44B8D4BFF5EA}.Release|Any CPU.Build.0 = Release|Any CPU
		{9A734B76-4503-44F2-9549-003D931B0C12}.Debug|Any CPU.ActiveCfg = Debug|Any CPU
		{9A734B76-4503-44F2-9549-003D931B0C12}.Debug|Any CPU.Build.0 = Debug|Any CPU
		{9A734B76-4503-44F2-9549-003D931B0C12}.Release|Any CPU.ActiveCfg = Release|Any CPU
		{9A734B76-4503-44F2-9549-003D931B0C12}.Release|Any CPU.Build.0 = Release|Any CPU
		{7DD513FE-BB3C-4210-9099-CB8FD999A3A7}.Debug|Any CPU.ActiveCfg = Debug|Any CPU
		{7DD513FE-BB3C-4210-9099-CB8FD999A3A7}.Debug|Any CPU.Build.0 = Debug|Any CPU
		{7DD513FE-BB3C-4210-9099-CB8FD999A3A7}.Release|Any CPU.ActiveCfg = Release|Any CPU
		{7DD513FE-BB3C-4210-9099-CB8FD999A3A7}.Release|Any CPU.Build.0 = Release|Any CPU
	EndGlobalSection
	GlobalSection(SolutionProperties) = preSolution
		HideSolutionNode = FALSE
	EndGlobalSection
EndGlobal
